
Microsoft Visual Studio Solution File, Format Version 12.00
# Visual Studio Version 17
VisualStudioVersion = 17.1.32210.238
MinimumVisualStudioVersion = 10.0.40219.1
Project("{FAE04EC0-301F-11D3-BF4B-00C04F79EFBC}") = "WEB Lab 2", "WEB Lab 2.csproj", "{40F02CAA-BEE9-4E56-A53C-CDADE7773558}"
EndProject
Global
	GlobalSection(SolutionConfigurationPlatforms) = preSolution
		Debug|Any CPU = Debug|Any CPU
		Release|Any CPU = Release|Any CPU
	EndGlobalSection
	GlobalSection(ProjectConfigurationPlatforms) = postSolution
		{40F02CAA-BEE9-4E56-A53C-CDADE7773558}.Debug|Any CPU.ActiveCfg = Debug|Any CPU
		{40F02CAA-BEE9-4E56-A53C-CDADE7773558}.Debug|Any CPU.Build.0 = Debug|Any CPU
		{40F02CAA-BEE9-4E56-A53C-CDADE7773558}.Release|Any CPU.ActiveCfg = Release|Any CPU
		{40F02CAA-BEE9-4E56-A53C-CDADE7773558}.Release|Any CPU.Build.0 = Release|Any CPU
	EndGlobalSection
	GlobalSection(SolutionProperties) = preSolution
		HideSolutionNode = FALSE
	EndGlobalSection
	GlobalSection(ExtensibilityGlobals) = postSolution
		SolutionGuid = {3D21A261-63A8-4FFD-9936-B2463B793CFC}
	EndGlobalSection
EndGlobal
